{
  "name": "my-js-environment",
  "version": "1.0.0",
  "lockfileVersion": 3,
  "requires": true,
  "packages": {
    "": {
      "name": "my-js-environment",
      "version": "1.0.0",
      "license": "ISC",
      "dependencies": {
        "my-js-environment": "file:"
      }
    },
    "node_modules/my-js-environment": {
      "resolved": "",
      "link": true
    }
  }
}
